
Microsoft Visual Studio Solution File, Format Version 12.00
# Visual Studio Version 16
VisualStudioVersion = 16.0.31105.61
MinimumVisualStudioVersion = 10.0.40219.1
Project("{FAE04EC0-301F-11D3-BF4B-00C04F79EFBC}") = "CustomerMS", "CustomerMS\CustomerMS.csproj", "{174BFA32-2CD7-4E31-B4AE-05374D54A10F}"
EndProject
Project("{FAE04EC0-301F-11D3-BF4B-00C04F79EFBC}") = "CloudAPI", "CloudAPI\CloudAPI.csproj", "{849D109E-AB54-44EC-97C8-124C2A6D7266}"
EndProject
Project("{FAE04EC0-301F-11D3-BF4B-00C04F79EFBC}") = "CloudDesignPatterns", "CloudDesignPatterns\CloudDesignPatterns.csproj", "{8947DB6D-9E50-43EA-B769-80574ED9CCFC}"
EndProject
Global
	GlobalSection(SolutionConfigurationPlatforms) = preSolution
		Debug|Any CPU = Debug|Any CPU
		Release|Any CPU = Release|Any CPU
	EndGlobalSection
	GlobalSection(ProjectConfigurationPlatforms) = postSolution
		{174BFA32-2CD7-4E31-B4AE-05374D54A10F}.Debug|Any CPU.ActiveCfg = Debug|Any CPU
		{174BFA32-2CD7-4E31-B4AE-05374D54A10F}.Debug|Any CPU.Build.0 = Debug|Any CPU
		{174BFA32-2CD7-4E31-B4AE-05374D54A10F}.Release|Any CPU.ActiveCfg = Release|Any CPU
		{174BFA32-2CD7-4E31-B4AE-05374D54A10F}.Release|Any CPU.Build.0 = Release|Any CPU
		{849D109E-AB54-44EC-97C8-124C2A6D7266}.Debug|Any CPU.ActiveCfg = Debug|Any CPU
		{849D109E-AB54-44EC-97C8-124C2A6D7266}.Debug|Any CPU.Build.0 = Debug|Any CPU
		{849D109E-AB54-44EC-97C8-124C2A6D7266}.Release|Any CPU.ActiveCfg = Release|Any CPU
		{849D109E-AB54-44EC-97C8-124C2A6D7266}.Release|Any CPU.Build.0 = Release|Any CPU
		{8947DB6D-9E50-43EA-B769-80574ED9CCFC}.Debug|Any CPU.ActiveCfg = Debug|Any CPU
		{8947DB6D-9E50-43EA-B769-80574ED9CCFC}.Debug|Any CPU.Build.0 = Debug|Any CPU
		{8947DB6D-9E50-43EA-B769-80574ED9CCFC}.Release|Any CPU.ActiveCfg = Release|Any CPU
		{8947DB6D-9E50-43EA-B769-80574ED9CCFC}.Release|Any CPU.Build.0 = Release|Any CPU
	EndGlobalSection
	GlobalSection(SolutionProperties) = preSolution
		HideSolutionNode = FALSE
	EndGlobalSection
	GlobalSection(ExtensibilityGlobals) = postSolution
		SolutionGuid = {E31A1195-DFAD-4585-A3B3-F58A57F6C5C1}
	EndGlobalSection
EndGlobal
